{
  "name": "auto-marge",
  "version": "0.0.0-development",
  "lockfileVersion": 1,
  "requires": true,
  "dependencies": {
    "@types/node": {
      "version": "16.18.70",
      "resolved": "https://registry.npmjs.org/@types/node/-/node-16.18.70.tgz",
      "integrity": "sha512-8eIk20G5VVVQNZNouHjLA2b8utE2NvGybLjMaF4lyhA9uhGwnmXF8o+icdXKGSQSNANJewXva/sFUoZLwAaYAg==",
      "dev": true
    }
  }
}
